
Microsoft Visual Studio Solution File, Format Version 12.00
# Visual Studio 14
VisualStudioVersion = 14.0.24720.0
MinimumVisualStudioVersion = 10.0.40219.1
Project("{FAE04EC0-301F-11D3-BF4B-00C04F79EFBC}") = "WebApplication1", "WebApplication1\WebApplication1.csproj", "{A2661F73-F1B6-4104-80F8-5475559D40D0}"
EndProject
Project("{FAE04EC0-301F-11D3-BF4B-00C04F79EFBC}") = "AspNet.Identity.SQLite", "AspNet.Identity.SQLite\AspNet.Identity.SQLite.csproj", "{35DAC40A-38D0-43BD-8DCF-34E4061F0A75}"
EndProject
Global
	GlobalSection(SolutionConfigurationPlatforms) = preSolution
		Debug|Any CPU = Debug|Any CPU
		Release|Any CPU = Release|Any CPU
	EndGlobalSection
	GlobalSection(ProjectConfigurationPlatforms) = postSolution
		{A2661F73-F1B6-4104-80F8-5475559D40D0}.Debug|Any CPU.ActiveCfg = Debug|Any CPU
		{A2661F73-F1B6-4104-80F8-5475559D40D0}.Debug|Any CPU.Build.0 = Debug|Any CPU
		{A2661F73-F1B6-4104-80F8-5475559D40D0}.Release|Any CPU.ActiveCfg = Release|Any CPU
		{A2661F73-F1B6-4104-80F8-5475559D40D0}.Release|Any CPU.Build.0 = Release|Any CPU
		{35DAC40A-38D0-43BD-8DCF-34E4061F0A75}.Debug|Any CPU.ActiveCfg = Debug|Any CPU
		{35DAC40A-38D0-43BD-8DCF-34E4061F0A75}.Debug|Any CPU.Build.0 = Debug|Any CPU
		{35DAC40A-38D0-43BD-8DCF-34E4061F0A75}.Release|Any CPU.ActiveCfg = Release|Any CPU
		{35DAC40A-38D0-43BD-8DCF-34E4061F0A75}.Release|Any CPU.Build.0 = Release|Any CPU
	EndGlobalSection
	GlobalSection(SolutionProperties) = preSolution
		HideSolutionNode = FALSE
	EndGlobalSection
EndGlobal
